
Microsoft Visual Studio Solution File, Format Version 12.00
# Visual Studio Version 17
VisualStudioVersion = 17.3.32811.315
MinimumVisualStudioVersion = 10.0.40219.1
Project("{FAE04EC0-301F-11D3-BF4B-00C04F79EFBC}") = "FormComplejos-G2-2024-1", "FormComplejos-G2-2024-1.csproj", "{6DBCEA7E-803F-4B31-8356-F417F059E242}"
EndProject
Global
	GlobalSection(SolutionConfigurationPlatforms) = preSolution
		Debug|Any CPU = Debug|Any CPU
		Release|Any CPU = Release|Any CPU
	EndGlobalSection
	GlobalSection(ProjectConfigurationPlatforms) = postSolution
		{6DBCEA7E-803F-4B31-8356-F417F059E242}.Debug|Any CPU.ActiveCfg = Debug|Any CPU
		{6DBCEA7E-803F-4B31-8356-F417F059E242}.Debug|Any CPU.Build.0 = Debug|Any CPU
		{6DBCEA7E-803F-4B31-8356-F417F059E242}.Release|Any CPU.ActiveCfg = Release|Any CPU
		{6DBCEA7E-803F-4B31-8356-F417F059E242}.Release|Any CPU.Build.0 = Release|Any CPU
	EndGlobalSection
	GlobalSection(SolutionProperties) = preSolution
		HideSolutionNode = FALSE
	EndGlobalSection
	GlobalSection(ExtensibilityGlobals) = postSolution
		SolutionGuid = {7D835C2E-E264-4072-A316-C2ABFC77A487}
	EndGlobalSection
EndGlobal
